PODS:
  - Eson (0.3.4)
  - FunkyNetwork (0.0.2):
    - OHHTTPStubs/Swift
    - ReactiveSwift (~> 2.0)
  - Nimble (7.0.1)
  - OHHTTPStubs/Core (6.0.0)
  - OHHTTPStubs/Default (6.0.0):
    - OHHTTPStubs/Core
    - OHHTTPStubs/JSON
    - OHHTTPStubs/NSURLSession
    - OHHTTPStubs/OHPathHelpers
  - OHHTTPStubs/JSON (6.0.0):
    - OHHTTPStubs/Core
  - OHHTTPStubs/NSURLSession (6.0.0):
    - OHHTTPStubs/Core
  - OHHTTPStubs/OHPathHelpers (6.0.0)
  - OHHTTPStubs/Swift (6.0.0):
    - OHHTTPStubs/Default
  - Quick (1.1.0)
  - ReactiveSwift (2.0.1):
    - Result (~> 3.2)
  - Result (3.2.3)

DEPENDENCIES:
  - Eson (from `https://github.com/schrockblock/eson`)
  - FunkyNetwork (from `../`)
  - Nimble (~> 7.0.0)
  - OHHTTPStubs/Swift
  - Quick (~> 1.1.0)

EXTERNAL SOURCES:
  Eson:
    :git: https://github.com/schrockblock/eson
  FunkyNetwork:
    :path: "../"

CHECKOUT OPTIONS:
  Eson:
    :commit: 253778b5a35cdd457348c425dc5438f7839b8d7c
    :git: https://github.com/schrockblock/eson

SPEC CHECKSUMS:
  Eson: 5beaedf5ac885d9b427602f487ed920b54d43c3c
  FunkyNetwork: 8bdc3e2c020b571d68335f5eeaeeb2789ee6a99c
  Nimble: 657d000e11df8aebe27cdaf9d244de7f30ed87f7
  OHHTTPStubs: 752f9b11fd810a15162d50f11c06ff94f8e012eb
  Quick: dafc587e21eed9f4cab3249b9f9015b0b7a7f71d
  ReactiveSwift: 60a29ff35988a964fd2bb759755cb6594de523fc
  Result: 128640a6347e8d2ae48b142556739a2d13f90ce6

PODFILE CHECKSUM: 590498b9928ad132b251bd8bcfb02738ca621b87

COCOAPODS: 1.2.1
